// !$*UTF8*$!
{
	archiveVersion = 1;
	classes = {
	};
	objectVersion = 56;
	objects = {

/* Begin PBXBuildFile section */
		D81BB02929AF17E70089257A /* AppDelegate.swift in Sources */ = {isa = PBXBuildFile; fileRef = D81BB02829AF17E70089257A /* AppDelegate.swift */; };
		D81BB02B29AF17E70089257A /* SceneDelegate.swift in Sources */ = {isa = PBXBuildFile; fileRef = D81BB02A29AF17E70089257A /* SceneDelegate.swift */; };
		D81BB03029AF17E70089257A /* Main.storyboard in Resources */ = {isa = PBXBuildFile; fileRef = D81BB02E29AF17E70089257A /* Main.storyboard */; };
		D81BB03329AF17E70089257A /* Journal.xcdatamodeld in Sources */ = {isa = PBXBuildFile; fileRef = D81BB03129AF17E70089257A /* Journal.xcdatamodeld */; };
		D81BB03529AF17E90089257A /* Assets.xcassets in Resources */ = {isa = PBXBuildFile; fileRef = D81BB03429AF17E90089257A /* Assets.xcassets */; };
		D81BB03829AF17E90089257A /* LaunchScreen.storyboard in Resources */ = {isa = PBXBuildFile; fileRef = D81BB03629AF17E90089257A /* LaunchScreen.storyboard */; };
		D81BB04629AF1A7D0089257A /* CoreDataStack.swift in Sources */ = {isa = PBXBuildFile; fileRef = D81BB04529AF1A7D0089257A /* CoreDataStack.swift */; };
		D81BB04829AF1AC60089257A /* Journal+Initializer.swift in Sources */ = {isa = PBXBuildFile; fileRef = D81BB04729AF1AC60089257A /* Journal+Initializer.swift */; };
		D81BB04A29AF1B1A0089257A /* Quote.swift in Sources */ = {isa = PBXBuildFile; fileRef = D81BB04929AF1B1A0089257A /* Quote.swift */; };
		D81BB04C29AF1B330089257A /* JournalManager.swift in Sources */ = {isa = PBXBuildFile; fileRef = D81BB04B29AF1B330089257A /* JournalManager.swift */; };
		D81BB04E29AF1B870089257A /* QuoteManager.swift in Sources */ = {isa = PBXBuildFile; fileRef = D81BB04D29AF1B870089257A /* QuoteManager.swift */; };
		D81BB05029AF1BAF0089257A /* Extensions.swift in Sources */ = {isa = PBXBuildFile; fileRef = D81BB04F29AF1BAF0089257A /* Extensions.swift */; };
		D81BB05229AF1BCD0089257A /* NetworkError.swift in Sources */ = {isa = PBXBuildFile; fileRef = D81BB05129AF1BCD0089257A /* NetworkError.swift */; };
		D81BB05629AF1C3B0089257A /* HomeTableViewController.swift in Sources */ = {isa = PBXBuildFile; fileRef = D81BB05529AF1C3B0089257A /* HomeTableViewController.swift */; };
		D81BB05829AF1CBF0089257A /* DateFormatter.swift in Sources */ = {isa = PBXBuildFile; fileRef = D81BB05729AF1CBF0089257A /* DateFormatter.swift */; };
		D81BB05A29AF1D5B0089257A /* JournalEntryViewController.swift in Sources */ = {isa = PBXBuildFile; fileRef = D81BB05929AF1D5B0089257A /* JournalEntryViewController.swift */; };
		D81BB05C29AF1F3B0089257A /* QuoteViewController.swift in Sources */ = {isa = PBXBuildFile; fileRef = D81BB05B29AF1F3B0089257A /* QuoteViewController.swift */; };
		D8F91DF02AC6B8600002478F /* TestTableViewController.swift in Sources */ = {isa = PBXBuildFile; fileRef = D8F91DEF2AC6B8600002478F /* TestTableViewController.swift */; };
/* End PBXBuildFile section */

/* Begin PBXFileReference section */
		D81BB02529AF17E70089257A /* Journal.app */ = {isa = PBXFileReference; explicitFileType = wrapper.application; includeInIndex = 0; path = Journal.app; sourceTree = BUILT_PRODUCTS_DIR; };
		D81BB02829AF17E70089257A /* AppDelegate.swift */ = {isa = PBXFileReference; lastKnownFileType = sourcecode.swift; path = AppDelegate.swift; sourceTree = "<group>"; };
		D81BB02A29AF17E70089257A /* SceneDelegate.swift */ = {isa = PBXFileReference; lastKnownFileType = sourcecode.swift; path = SceneDelegate.swift; sourceTree = "<group>"; };
		D81BB02F29AF17E70089257A /* Base */ = {isa = PBXFileReference; lastKnownFileType = file.storyboard; name = Base; path = Base.lproj/Main.storyboard; sourceTree = "<group>"; };
		D81BB03229AF17E70089257A /* Journal.xcdatamodel */ = {isa = PBXFileReference; lastKnownFileType = wrapper.xcdatamodel; path = Journal.xcdatamodel; sourceTree = "<group>"; };
		D81BB03429AF17E90089257A /* Assets.xcassets */ = {isa = PBXFileReference; lastKnownFileType = folder.assetcatalog; path = Assets.xcassets; sourceTree = "<group>"; };
		D81BB03729AF17E90089257A /* Base */ = {isa = PBXFileReference; lastKnownFileType = file.storyboard; name = Base; path = Base.lproj/LaunchScreen.storyboard; sourceTree = "<group>"; };
		D81BB03929AF17E90089257A /* Info.plist */ = {isa = PBXFileReference; lastKnownFileType = text.plist.xml; path = Info.plist; sourceTree = "<group>"; };
		D81BB04529AF1A7D0089257A /* CoreDataStack.swift */ = {isa = PBXFileReference; lastKnownFileType = sourcecode.swift; path = CoreDataStack.swift; sourceTree = "<group>"; };
		D81BB04729AF1AC60089257A /* Journal+Initializer.swift */ = {isa = PBXFileReference; lastKnownFileType = sourcecode.swift; path = "Journal+Initializer.swift"; sourceTree = "<group>"; };
		D81BB04929AF1B1A0089257A /* Quote.swift */ = {isa = PBXFileReference; lastKnownFileType = sourcecode.swift; path = Quote.swift; sourceTree = "<group>"; };
		D81BB04B29AF1B330089257A /* JournalManager.swift */ = {isa = PBXFileReference; lastKnownFileType = sourcecode.swift; path = JournalManager.swift; sourceTree = "<group>"; };
		D81BB04D29AF1B870089257A /* QuoteManager.swift */ = {isa = PBXFileReference; lastKnownFileType = sourcecode.swift; path = QuoteManager.swift; sourceTree = "<group>"; };
		D81BB04F29AF1BAF0089257A /* Extensions.swift */ = {isa = PBXFileReference; lastKnownFileType = sourcecode.swift; path = Extensions.swift; sourceTree = "<group>"; };
		D81BB05129AF1BCD0089257A /* NetworkError.swift */ = {isa = PBXFileReference; lastKnownFileType = sourcecode.swift; path = NetworkError.swift; sourceTree = "<group>"; };
		D81BB05529AF1C3B0089257A /* HomeTableViewController.swift */ = {isa = PBXFileReference; lastKnownFileType = sourcecode.swift; path = HomeTableViewController.swift; sourceTree = "<group>"; };
		D81BB05729AF1CBF0089257A /* DateFormatter.swift */ = {isa = PBXFileReference; lastKnownFileType = sourcecode.swift; path = DateFormatter.swift; sourceTree = "<group>"; };
		D81BB05929AF1D5B0089257A /* JournalEntryViewController.swift */ = {isa = PBXFileReference; lastKnownFileType = sourcecode.swift; path = JournalEntryViewController.swift; sourceTree = "<group>"; };
		D81BB05B29AF1F3B0089257A /* QuoteViewController.swift */ = {isa = PBXFileReference; lastKnownFileType = sourcecode.swift; path = QuoteViewController.swift; sourceTree = "<group>"; };
		D8F91DEF2AC6B8600002478F /* TestTableViewController.swift */ = {isa = PBXFileReference; lastKnownFileType = sourcecode.swift; path = TestTableViewController.swift; sourceTree = "<group>"; };
/* End PBXFileReference section */

/* Begin PBXFrameworksBuildPhase section */
		D81BB02229AF17E70089257A /* Frameworks */ = {
			isa = PBXFrameworksBuildPhase;
			buildActionMask = 2147483647;
			files = (
			);
			runOnlyForDeploymentPostprocessing = 0;
		};
/* End PBXFrameworksBuildPhase section */

/* Begin PBXGroup section */
		D81BB01C29AF17E70089257A = {
			isa = PBXGroup;
			children = (
				D81BB02729AF17E70089257A /* Journal */,
				D81BB02629AF17E70089257A /* Products */,
			);
			sourceTree = "<group>";
		};
		D81BB02629AF17E70089257A /* Products */ = {
			isa = PBXGroup;
			children = (
				D81BB02529AF17E70089257A /* Journal.app */,
			);
			name = Products;
			sourceTree = "<group>";
		};
		D81BB02729AF17E70089257A /* Journal */ = {
			isa = PBXGroup;
			children = (
				D81BB04029AF19930089257A /* Model */,
				D81BB04129AF19A10089257A /* Controller */,
				D81BB04429AF19DB0089257A /* Storyboard */,
				D81BB04329AF19B40089257A /* Resources */,
				D81BB04229AF19AC0089257A /* Delegates */,
				D8F91DEF2AC6B8600002478F /* TestTableViewController.swift */,
			);
			path = Journal;
			sourceTree = "<group>";
		};
		D81BB04029AF19930089257A /* Model */ = {
			isa = PBXGroup;
			children = (
				D81BB03129AF17E70089257A /* Journal.xcdatamodeld */,
				D81BB04729AF1AC60089257A /* Journal+Initializer.swift */,
				D81BB04529AF1A7D0089257A /* CoreDataStack.swift */,
				D81BB04929AF1B1A0089257A /* Quote.swift */,
			);
			path = Model;
			sourceTree = "<group>";
		};
		D81BB04129AF19A10089257A /* Controller */ = {
			isa = PBXGroup;
			children = (
				D81BB05329AF1C170089257A /* Model Controller */,
				D81BB05429AF1C260089257A /* View Controller */,
			);
			path = Controller;
			sourceTree = "<group>";
		};
		D81BB04229AF19AC0089257A /* Delegates */ = {
			isa = PBXGroup;
			children = (
				D81BB02A29AF17E70089257A /* SceneDelegate.swift */,
				D81BB02829AF17E70089257A /* AppDelegate.swift */,
			);
			path = Delegates;
			sourceTree = "<group>";
		};
		D81BB04329AF19B40089257A /* Resources */ = {
			isa = PBXGroup;
			children = (
				D81BB03929AF17E90089257A /* Info.plist */,
				D81BB03429AF17E90089257A /* Assets.xcassets */,
				D81BB04F29AF1BAF0089257A /* Extensions.swift */,
				D81BB05129AF1BCD0089257A /* NetworkError.swift */,
				D81BB05729AF1CBF0089257A /* DateFormatter.swift */,
			);
			path = Resources;
			sourceTree = "<group>";
		};
		D81BB04429AF19DB0089257A /* Storyboard */ = {
			isa = PBXGroup;
			children = (
				D81BB02E29AF17E70089257A /* Main.storyboard */,
				D81BB03629AF17E90089257A /* LaunchScreen.storyboard */,
			);
			path = Storyboard;
			sourceTree = "<group>";
		};
		D81BB05329AF1C170089257A /* Model Controller */ = {
			isa = PBXGroup;
			children = (
				D81BB04B29AF1B330089257A /* JournalManager.swift */,
				D81BB04D29AF1B870089257A /* QuoteManager.swift */,
			);
			path = "Model Controller";
			sourceTree = "<group>";
		};
		D81BB05429AF1C260089257A /* View Controller */ = {
			isa = PBXGroup;
			children = (
				D81BB05529AF1C3B0089257A /* HomeTableViewController.swift */,
				D81BB05929AF1D5B0089257A /* JournalEntryViewController.swift */,
				D81BB05B29AF1F3B0089257A /* QuoteViewController.swift */,
			);
			path = "View Controller";
			sourceTree = "<group>";
		};
/* End PBXGroup section */

/* Begin PBXNativeTarget section */
		D81BB02429AF17E70089257A /* Journal */ = {
			isa = PBXNativeTarget;
			buildConfigurationList = D81BB03C29AF17E90089257A /* Build configuration list for PBXNativeTarget "Journal" */;
			buildPhases = (
				D81BB02129AF17E70089257A /* Sources */,
				D81BB02229AF17E70089257A /* Frameworks */,
				D81BB02329AF17E70089257A /* Resources */,
			);
			buildRules = (
			);
			dependencies = (
			);
			name = Journal;
			productName = Journal;
			productReference = D81BB02529AF17E70089257A /* Journal.app */;
			productType = "com.apple.product-type.application";
		};
/* End PBXNativeTarget section */

/* Begin PBXProject section */
		D81BB01D29AF17E70089257A /* Project object */ = {
			isa = PBXProject;
			attributes = {
				BuildIndependentTargetsInParallel = 1;
				LastSwiftUpdateCheck = 1420;
				LastUpgradeCheck = 1500;
				TargetAttributes = {
					D81BB02429AF17E70089257A = {
						CreatedOnToolsVersion = 14.2;
					};
				};
			};
			buildConfigurationList = D81BB02029AF17E70089257A /* Build configuration list for PBXProject "Journal" */;
			compatibilityVersion = "Xcode 14.0";
			developmentRegion = en;
			hasScannedForEncodings = 0;
			knownRegions = (
				en,
				Base,
			);
			mainGroup = D81BB01C29AF17E70089257A;
			productRefGroup = D81BB02629AF17E70089257A /* Products */;
			projectDirPath = "";
			projectRoot = "";
			targets = (
				D81BB02429AF17E70089257A /* Journal */,
			);
		};
/* End PBXProject section */

/* Begin PBXResourcesBuildPhase section */
		D81BB02329AF17E70089257A /* Resources */ = {
			isa = PBXResourcesBuildPhase;
			buildActionMask = 2147483647;
			files = (
				D81BB03829AF17E90089257A /* LaunchScreen.storyboard in Resources */,
				D81BB03529AF17E90089257A /* Assets.xcassets in Resources */,
				D81BB03029AF17E70089257A /* Main.storyboard in Resources */,
			);
			runOnlyForDeploymentPostprocessing = 0;
		};
/* End PBXResourcesBuildPhase section */

/* Begin PBXSourcesBuildPhase section */
		D81BB02129AF17E70089257A /* Sources */ = {
			isa = PBXSourcesBuildPhase;
			buildActionMask = 2147483647;
			files = (
				D81BB05829AF1CBF0089257A /* DateFormatter.swift in Sources */,
				D81BB02929AF17E70089257A /* AppDelegate.swift in Sources */,
				D81BB05029AF1BAF0089257A /* Extensions.swift in Sources */,
				D81BB02B29AF17E70089257A /* SceneDelegate.swift in Sources */,
				D81BB03329AF17E70089257A /* Journal.xcdatamodeld in Sources */,
				D81BB05C29AF1F3B0089257A /* QuoteViewController.swift in Sources */,
				D81BB04C29AF1B330089257A /* JournalManager.swift in Sources */,
				D81BB04829AF1AC60089257A /* Journal+Initializer.swift in Sources */,
				D81BB05629AF1C3B0089257A /* HomeTableViewController.swift in Sources */,
				D81BB04A29AF1B1A0089257A /* Quote.swift in Sources */,
				D81BB04E29AF1B870089257A /* QuoteManager.swift in Sources */,
				D8F91DF02AC6B8600002478F /* TestTableViewController.swift in Sources */,
				D81BB04629AF1A7D0089257A /* CoreDataStack.swift in Sources */,
				D81BB05A29AF1D5B0089257A /* JournalEntryViewController.swift in Sources */,
				D81BB05229AF1BCD0089257A /* NetworkError.swift in Sources */,
			);
			runOnlyForDeploymentPostprocessing = 0;
		};
/* End PBXSourcesBuildPhase section */

/* Begin PBXVariantGroup section */
		D81BB02E29AF17E70089257A /* Main.storyboard */ = {
			isa = PBXVariantGroup;
			children = (
				D81BB02F29AF17E70089257A /* Base */,
			);
			name = Main.storyboard;
			sourceTree = "<group>";
		};
		D81BB03629AF17E90089257A /* LaunchScreen.storyboard */ = {
			isa = PBXVariantGroup;
			children = (
				D81BB03729AF17E90089257A /* Base */,
			);
			name = LaunchScreen.storyboard;
			sourceTree = "<group>";
		};
/* End PBXVariantGroup section */

/* Begin XCBuildConfiguration section */
		D81BB03A29AF17E90089257A /* Debug */ = {
			isa = XCBuildConfiguration;
			buildSettings = {
				ALWAYS_SEARCH_USER_PATHS = NO;
				CLANG_ANALYZER_NONNULL = YES;
				CLANG_ANALYZER_NUMBER_OBJECT_CONVERSION = YES_AGGRESSIVE;
				CLANG_CXX_LANGUAGE_STANDARD = "gnu++20";
				CLANG_ENABLE_MODULES = YES;
				CLANG_ENABLE_OBJC_ARC = YES;
				CLANG_ENABLE_OBJC_WEAK = YES;
				CLANG_WARN_BLOCK_CAPTURE_AUTORELEASING = YES;
				CLANG_WARN_BOOL_CONVERSION = YES;
				CLANG_WARN_COMMA = YES;
				CLANG_WARN_CONSTANT_CONVERSION = YES;
				CLANG_WARN_DEPRECATED_OBJC_IMPLEMENTATIONS = YES;
				CLANG_WARN_DIRECT_OBJC_ISA_USAGE = YES_ERROR;
				CLANG_WARN_DOCUMENTATION_COMMENTS = YES;
				CLANG_WARN_EMPTY_BODY = YES;
				CLANG_WARN_ENUM_CONVERSION = YES;
				CLANG_WARN_INFINITE_RECURSION = YES;
				CLANG_WARN_INT_CONVERSION = YES;
				CLANG_WARN_NON_LITERAL_NULL_CONVERSION = YES;
				CLANG_WARN_OBJC_IMPLICIT_RETAIN_SELF = YES;
				CLANG_WARN_OBJC_LITERAL_CONVERSION = YES;
				CLANG_WARN_OBJC_ROOT_CLASS = YES_ERROR;
				CLANG_WARN_QUOTED_INCLUDE_IN_FRAMEWORK_HEADER = YES;
				CLANG_WARN_RANGE_LOOP_ANALYSIS = YES;
				CLANG_WARN_STRICT_PROTOTYPES = YES;
				CLANG_WARN_SUSPICIOUS_MOVE = YES;
				CLANG_WARN_UNGUARDED_AVAILABILITY = YES_AGGRESSIVE;
				CLANG_WARN_UNREACHABLE_CODE = YES;
				CLANG_WARN__DUPLICATE_METHOD_MATCH = YES;
				COPY_PHASE_STRIP = NO;
				DEBUG_INFORMATION_FORMAT = dwarf;
				ENABLE_STRICT_OBJC_MSGSEND = YES;
				ENABLE_TESTABILITY = YES;
				ENABLE_USER_SCRIPT_SANDBOXING = YES;
				GCC_C_LANGUAGE_STANDARD = gnu11;
				GCC_DYNAMIC_NO_PIC = NO;
				GCC_NO_COMMON_BLOCKS = YES;
				GCC_OPTIMIZATION_LEVEL = 0;
				GCC_PREPROCESSOR_DEFINITIONS = (
					"DEBUG=1",
					"$(inherited)",
				);
				GCC_WARN_64_TO_32_BIT_CONVERSION = YES;
				GCC_WARN_ABOUT_RETURN_TYPE = YES_ERROR;
				GCC_WARN_UNDECLARED_SELECTOR = YES;
				GCC_WARN_UNINITIALIZED_AUTOS = YES_AGGRESSIVE;
				GCC_WARN_UNUSED_FUNCTION = YES;
				GCC_WARN_UNUSED_VARIABLE = YES;
				IPHONEOS_DEPLOYMENT_TARGET = 16.2;
				MTL_ENABLE_DEBUG_INFO = INCLUDE_SOURCE;
				MTL_FAST_MATH = YES;
				ONLY_ACTIVE_ARCH = YES;
				SDKROOT = iphoneos;
				SWIFT_ACTIVE_COMPILATION_CONDITIONS = DEBUG;
				SWIFT_OPTIMIZATION_LEVEL = "-Onone";
			};
			name = Debug;
		};
		D81BB03B29AF17E90089257A /* Release */ = {
			isa = XCBuildConfiguration;
			buildSettings = {
				ALWAYS_SEARCH_USER_PATHS = NO;
				CLANG_ANALYZER_NONNULL = YES;
				CLANG_ANALYZER_NUMBER_OBJECT_CONVERSION = YES_AGGRESSIVE;
				CLANG_CXX_LANGUAGE_STANDARD = "gnu++20";
				CLANG_ENABLE_MODULES = YES;
				CLANG_ENABLE_OBJC_ARC = YES;
				CLANG_ENABLE_OBJC_WEAK = YES;
				CLANG_WARN_BLOCK_CAPTURE_AUTORELEASING = YES;
				CLANG_WARN_BOOL_CONVERSION = YES;
				CLANG_WARN_COMMA = YES;
				CLANG_WARN_CONSTANT_CONVERSION = YES;
				CLANG_WARN_DEPRECATED_OBJC_IMPLEMENTATIONS = YES;
				CLANG_WARN_DIRECT_OBJC_ISA_USAGE = YES_ERROR;
				CLANG_WARN_DOCUMENTATION_COMMENTS = YES;
				CLANG_WARN_EMPTY_BODY = YES;
				CLANG_WARN_ENUM_CONVERSION = YES;
				CLANG_WARN_INFINITE_RECURSION = YES;
				CLANG_WARN_INT_CONVERSION = YES;
				CLANG_WARN_NON_LITERAL_NULL_CONVERSION = YES;
				CLANG_WARN_OBJC_IMPLICIT_RETAIN_SELF = YES;
				CLANG_WARN_OBJC_LITERAL_CONVERSION = YES;
				CLANG_WARN_OBJC_ROOT_CLASS = YES_ERROR;
				CLANG_WARN_QUOTED_INCLUDE_IN_FRAMEWORK_HEADER = YES;
				CLANG_WARN_RANGE_LOOP_ANALYSIS = YES;
				CLANG_WARN_STRICT_PROTOTYPES = YES;
				CLANG_WARN_SUSPICIOUS_MOVE = YES;
				CLANG_WARN_UNGUARDED_AVAILABILITY = YES_AGGRESSIVE;
				CLANG_WARN_UNREACHABLE_CODE = YES;
				CLANG_WARN__DUPLICATE_METHOD_MATCH = YES;
				COPY_PHASE_STRIP = NO;
				DEBUG_INFORMATION_FORMAT = "dwarf-with-dsym";
				ENABLE_NS_ASSERTIONS = NO;
				ENABLE_STRICT_OBJC_MSGSEND = YES;
				ENABLE_USER_SCRIPT_SANDBOXING = YES;
				GCC_C_LANGUAGE_STANDARD = gnu11;
				GCC_NO_COMMON_BLOCKS = YES;
				GCC_WARN_64_TO_32_BIT_CONVERSION = YES;
				GCC_WARN_ABOUT_RETURN_TYPE = YES_ERROR;
				GCC_WARN_UNDECLARED_SELECTOR = YES;
				GCC_WARN_UNINITIALIZED_AUTOS = YES_AGGRESSIVE;
				GCC_WARN_UNUSED_FUNCTION = YES;
				GCC_WARN_UNUSED_VARIABLE = YES;
				IPHONEOS_DEPLOYMENT_TARGET = 16.2;
				MTL_ENABLE_DEBUG_INFO = NO;
				MTL_FAST_MATH = YES;
				SDKROOT = iphoneos;
				SWIFT_COMPILATION_MODE = wholemodule;
				SWIFT_OPTIMIZATION_LEVEL = "-O";
				VALIDATE_PRODUCT = YES;
			};
			name = Release;
		};
		D81BB03D29AF17E90089257A /* Debug */ = {
			isa = XCBuildConfiguration;
			buildSettings = {
				ASSETCATALOG_COMPILER_APPICON_NAME = AppIcon;
				ASSETCATALOG_COMPILER_GLOBAL_ACCENT_COLOR_NAME = AccentColor;
				CODE_SIGN_ENTITLEMENTS = Journal;
				CODE_SIGN_STYLE = Automatic;
				CURRENT_PROJECT_VERSION = 2;
				DEVELOPMENT_TEAM = 74AQA4M4HV;
				GENERATE_INFOPLIST_FILE = YES;
				INFOPLIST_FILE = Journal/Resources/Info.plist;
				INFOPLIST_KEY_UIApplicationSupportsIndirectInputEvents = YES;
				INFOPLIST_KEY_UILaunchStoryboardName = LaunchScreen;
				INFOPLIST_KEY_UIMainStoryboardFile = Main;
				INFOPLIST_KEY_UISupportedInterfaceOrientations = UIInterfaceOrientationPortrait;
				INFOPLIST_KEY_UISupportedInterfaceOrientations_iPad = "UIInterfaceOrientationLandscapeLeft UIInterfaceOrientationLandscapeRight UIInterfaceOrientationPortrait UIInterfaceOrientationPortraitUpsideDown";
				INFOPLIST_KEY_UIUserInterfaceStyle = Automatic;
				LD_RUNPATH_SEARCH_PATHS = (
					"$(inherited)",
					"@executable_path/Frameworks",
				);
				MARKETING_VERSION = 1.1;
				PRODUCT_BUNDLE_IDENTIFIER = "com.Dominique-Strachan.Journal";
				PRODUCT_NAME = "$(TARGET_NAME)";
				SUPPORTED_PLATFORMS = "iphoneos iphonesimulator";
				SUPPORTS_MACCATALYST = NO;
				SUPPORTS_MAC_DESIGNED_FOR_IPHONE_IPAD = YES;
				SWIFT_EMIT_LOC_STRINGS = YES;
				SWIFT_VERSION = 5.0;
				TARGETED_DEVICE_FAMILY = 1;
			};
			name = Debug;
		};
		D81BB03E29AF17E90089257A /* Release */ = {
			isa = XCBuildConfiguration;
			buildSettings = {
				ASSETCATALOG_COMPILER_APPICON_NAME = AppIcon;
				ASSETCATALOG_COMPILER_GLOBAL_ACCENT_COLOR_NAME = AccentColor;
				CODE_SIGN_ENTITLEMENTS = Journal;
				CODE_SIGN_STYLE = Automatic;
				CURRENT_PROJECT_VERSION = 2;
				DEVELOPMENT_TEAM = 74AQA4M4HV;
				GENERATE_INFOPLIST_FILE = YES;
				INFOPLIST_FILE = Journal/Resources/Info.plist;
				INFOPLIST_KEY_UIApplicationSupportsIndirectInputEvents = YES;
				INFOPLIST_KEY_UILaunchStoryboardName = LaunchScreen;
				INFOPLIST_KEY_UIMainStoryboardFile = Main;
				INFOPLIST_KEY_UISupportedInterfaceOrientations = UIInterfaceOrientationPortrait;
				INFOPLIST_KEY_UISupportedInterfaceOrientations_iPad = "UIInterfaceOrientationLandscapeLeft UIInterfaceOrientationLandscapeRight UIInterfaceOrientationPortrait UIInterfaceOrientationPortraitUpsideDown";
				INFOPLIST_KEY_UIUserInterfaceStyle = Automatic;
				LD_RUNPATH_SEARCH_PATHS = (
					"$(inherited)",
					"@executable_path/Frameworks",
				);
				MARKETING_VERSION = 1.1;
				PRODUCT_BUNDLE_IDENTIFIER = "com.Dominique-Strachan.Journal";
				PRODUCT_NAME = "$(TARGET_NAME)";
				SUPPORTED_PLATFORMS = "iphoneos iphonesimulator";
				SUPPORTS_MACCATALYST = NO;
				SUPPORTS_MAC_DESIGNED_FOR_IPHONE_IPAD = YES;
				SWIFT_EMIT_LOC_STRINGS = YES;
				SWIFT_VERSION = 5.0;
				TARGETED_DEVICE_FAMILY = 1;
			};
			name = Release;
		};
/* End XCBuildConfiguration section */

/* Begin XCConfigurationList section */
		D81BB02029AF17E70089257A /* Build configuration list for PBXProject "Journal" */ = {
			isa = XCConfigurationList;
			buildConfigurations = (
				D81BB03A29AF17E90089257A /* Debug */,
				D81BB03B29AF17E90089257A /* Release */,
			);
			defaultConfigurationIsVisible = 0;
			defaultConfigurationName = Release;
		};
		D81BB03C29AF17E90089257A /* Build configuration list for PBXNativeTarget "Journal" */ = {
			isa = XCConfigurationList;
			buildConfigurations = (
				D81BB03D29AF17E90089257A /* Debug */,
				D81BB03E29AF17E90089257A /* Release */,
			);
			defaultConfigurationIsVisible = 0;
			defaultConfigurationName = Release;
		};
/* End XCConfigurationList section */

/* Begin XCVersionGroup section */
		D81BB03129AF17E70089257A /* Journal.xcdatamodeld */ = {
			isa = XCVersionGroup;
			children = (
				D81BB03229AF17E70089257A /* Journal.xcdatamodel */,
			);
			currentVersion = D81BB03229AF17E70089257A /* Journal.xcdatamodel */;
			path = Journal.xcdatamodeld;
			sourceTree = "<group>";
			versionGroupType = wrapper.xcdatamodel;
		};
/* End XCVersionGroup section */
	};
	rootObject = D81BB01D29AF17E70089257A /* Project object */;
}
